
Microsoft Visual Studio Solution File, Format Version 12.00
# Visual Studio Version 16
VisualStudioVersion = 16.0.30711.63
MinimumVisualStudioVersion = 10.0.40219.1
Project("{FAE04EC0-301F-11D3-BF4B-00C04F79EFBC}") = "DesignPatterns", "DesignPattern\DesignPatterns.csproj", "{91CCCF0A-A32F-489C-8D55-934A9C6D32CC}"
EndProject
Global
	GlobalSection(SolutionConfigurationPlatforms) = preSolution
		Debug|Any CPU = Debug|Any CPU
		Release|Any CPU = Release|Any CPU
	EndGlobalSection
	GlobalSection(ProjectConfigurationPlatforms) = postSolution
		{91CCCF0A-A32F-489C-8D55-934A9C6D32CC}.Debug|Any CPU.ActiveCfg = Debug|Any CPU
		{91CCCF0A-A32F-489C-8D55-934A9C6D32CC}.Debug|Any CPU.Build.0 = Debug|Any CPU
		{91CCCF0A-A32F-489C-8D55-934A9C6D32CC}.Release|Any CPU.ActiveCfg = Release|Any CPU
		{91CCCF0A-A32F-489C-8D55-934A9C6D32CC}.Release|Any CPU.Build.0 = Release|Any CPU
	EndGlobalSection
	GlobalSection(SolutionProperties) = preSolution
		HideSolutionNode = FALSE
	EndGlobalSection
	GlobalSection(ExtensibilityGlobals) = postSolution
		SolutionGuid = {9510CD76-DDD3-45ED-AC28-A5B46F046F4F}
	EndGlobalSection
EndGlobal
